{
  "name": "ephemeral-chat",
  "version": "1.0.0",
  "lockfileVersion": 3,
  "requires": true,
  "packages": {
    "": {
      "name": "ephemeral-chat",
      "version": "1.0.0",
      "hasInstallScript": true,
      "license": "ISC",
      "engines": {
        "node": ">=14.0.0"
      }
    }
  }
}
